// !$*UTF8*$!
{
	archiveVersion = 1;
	classes = {
	};
	objectVersion = 46;
	objects = {

/* Begin PBXBuildFile section */
		DE3C88721A30A95C0071EB71 /* AppDelegate.swift in Sources */ = {isa = PBXBuildFile; fileRef = DE3C88711A30A95C0071EB71 /* AppDelegate.swift */; };
		DE3C88741A30A95C0071EB71 /* ViewController.swift in Sources */ = {isa = PBXBuildFile; fileRef = DE3C88731A30A95C0071EB71 /* ViewController.swift */; };
		DE3C88771A30A95C0071EB71 /* Main.storyboard in Resources */ = {isa = PBXBuildFile; fileRef = DE3C88751A30A95C0071EB71 /* Main.storyboard */; };
		DE3C88791A30A95C0071EB71 /* Images.xcassets in Resources */ = {isa = PBXBuildFile; fileRef = DE3C88781A30A95C0071EB71 /* Images.xcassets */; };
		DE3C887C1A30A95C0071EB71 /* LaunchScreen.xib in Resources */ = {isa = PBXBuildFile; fileRef = DE3C887A1A30A95C0071EB71 /* LaunchScreen.xib */; };
		DE3C88881A30A95C0071EB71 /* NewsReaderTests.swift in Sources */ = {isa = PBXBuildFile; fileRef = DE3C88871A30A95C0071EB71 /* NewsReaderTests.swift */; };
		DE3C88951A30DC5A0071EB71 /* ApiDataTableViewCell.swift in Sources */ = {isa = PBXBuildFile; fileRef = DE3C88931A30DC5A0071EB71 /* ApiDataTableViewCell.swift */; };
		DE3C88961A30DC5A0071EB71 /* ApiDataTableViewCell.xib in Resources */ = {isa = PBXBuildFile; fileRef = DE3C88941A30DC5A0071EB71 /* ApiDataTableViewCell.xib */; };
		DED8FB971A653AF60076BC89 /* no_image.gif in Resources */ = {isa = PBXBuildFile; fileRef = DED8FB961A653AF60076BC89 /* no_image.gif */; };
		DED8FB9A1A653B890076BC89 /* DeviseSize.swift in Sources */ = {isa = PBXBuildFile; fileRef = DED8FB991A653B890076BC89 /* DeviseSize.swift */; };
		DEFECD8D1A3272D100A4C0F4 /* DetailViewController.swift in Sources */ = {isa = PBXBuildFile; fileRef = DEFECD8C1A3272D100A4C0F4 /* DetailViewController.swift */; };
/* End PBXBuildFile section */

/* Begin PBXContainerItemProxy section */
		DE3C88821A30A95C0071EB71 /* PBXContainerItemProxy */ = {
			isa = PBXContainerItemProxy;
			containerPortal = DE3C88641A30A95C0071EB71 /* Project object */;
			proxyType = 1;
			remoteGlobalIDString = DE3C886B1A30A95C0071EB71;
			remoteInfo = NewsReader;
		};
/* End PBXContainerItemProxy section */

/* Begin PBXFileReference section */
		DE3C886C1A30A95C0071EB71 /* NewsReader.app */ = {isa = PBXFileReference; explicitFileType = wrapper.application; includeInIndex = 0; path = NewsReader.app; sourceTree = BUILT_PRODUCTS_DIR; };
		DE3C88701A30A95C0071EB71 /* Info.plist */ = {isa = PBXFileReference; lastKnownFileType = text.plist.xml; path = Info.plist; sourceTree = "<group>"; };
		DE3C88711A30A95C0071EB71 /* AppDelegate.swift */ = {isa = PBXFileReference; lastKnownFileType = sourcecode.swift; path = AppDelegate.swift; sourceTree = "<group>"; };
		DE3C88731A30A95C0071EB71 /* ViewController.swift */ = {isa = PBXFileReference; lastKnownFileType = sourcecode.swift; path = ViewController.swift; sourceTree = "<group>"; };
		DE3C88761A30A95C0071EB71 /* Base */ = {isa = PBXFileReference; lastKnownFileType = file.storyboard; name = Base; path = Base.lproj/Main.storyboard; sourceTree = "<group>"; };
		DE3C88781A30A95C0071EB71 /* Images.xcassets */ = {isa = PBXFileReference; lastKnownFileType = folder.assetcatalog; path = Images.xcassets; sourceTree = "<group>"; };
		DE3C887B1A30A95C0071EB71 /* Base */ = {isa = PBXFileReference; lastKnownFileType = file.xib; name = Base; path = Base.lproj/LaunchScreen.xib; sourceTree = "<group>"; };
		DE3C88811A30A95C0071EB71 /* NewsReaderTests.xctest */ = {isa = PBXFileReference; explicitFileType = wrapper.cfbundle; includeInIndex = 0; path = NewsReaderTests.xctest; sourceTree = BUILT_PRODUCTS_DIR; };
		DE3C88861A30A95C0071EB71 /* Info.plist */ = {isa = PBXFileReference; lastKnownFileType = text.plist.xml; path = Info.plist; sourceTree = "<group>"; };
		DE3C88871A30A95C0071EB71 /* NewsReaderTests.swift */ = {isa = PBXFileReference; lastKnownFileType = sourcecode.swift; path = NewsReaderTests.swift; sourceTree = "<group>"; };
		DE3C88931A30DC5A0071EB71 /* ApiDataTableViewCell.swift */ = {isa = PBXFileReference; fileEncoding = 4; lastKnownFileType = sourcecode.swift; path = ApiDataTableViewCell.swift; sourceTree = "<group>"; };
		DE3C88941A30DC5A0071EB71 /* ApiDataTableViewCell.xib */ = {isa = PBXFileReference; fileEncoding = 4; lastKnownFileType = file.xib; path = ApiDataTableViewCell.xib; sourceTree = "<group>"; };
		DED8FB961A653AF60076BC89 /* no_image.gif */ = {isa = PBXFileReference; lastKnownFileType = image.gif; path = no_image.gif; sourceTree = "<group>"; };
		DED8FB991A653B890076BC89 /* DeviseSize.swift */ = {isa = PBXFileReference; fileEncoding = 4; lastKnownFileType = sourcecode.swift; path = DeviseSize.swift; sourceTree = "<group>"; };
		DEFECD8C1A3272D100A4C0F4 /* DetailViewController.swift */ = {isa = PBXFileReference; fileEncoding = 4; lastKnownFileType = sourcecode.swift; path = DetailViewController.swift; sourceTree = "<group>"; };
/* End PBXFileReference section */

/* Begin PBXFrameworksBuildPhase section */
		DE3C88691A30A95C0071EB71 /* Frameworks */ = {
			isa = PBXFrameworksBuildPhase;
			buildActionMask = 2147483647;
			files = (
			);
			runOnlyForDeploymentPostprocessing = 0;
		};
		DE3C887E1A30A95C0071EB71 /* Frameworks */ = {
			isa = PBXFrameworksBuildPhase;
			buildActionMask = 2147483647;
			files = (
			);
			runOnlyForDeploymentPostprocessing = 0;
		};
/* End PBXFrameworksBuildPhase section */

/* Begin PBXGroup section */
		DE3C88631A30A95C0071EB71 = {
			isa = PBXGroup;
			children = (
				DE3C886E1A30A95C0071EB71 /* NewsReader */,
				DE3C88841A30A95C0071EB71 /* NewsReaderTests */,
				DE3C886D1A30A95C0071EB71 /* Products */,
			);
			sourceTree = "<group>";
		};
		DE3C886D1A30A95C0071EB71 /* Products */ = {
			isa = PBXGroup;
			children = (
				DE3C886C1A30A95C0071EB71 /* NewsReader.app */,
				DE3C88811A30A95C0071EB71 /* NewsReaderTests.xctest */,
			);
			name = Products;
			sourceTree = "<group>";
		};
		DE3C886E1A30A95C0071EB71 /* NewsReader */ = {
			isa = PBXGroup;
			children = (
				DED8FB981A653AFC0076BC89 /* Assets */,
				DE3C88971A30DC9E0071EB71 /* ApiData */,
				DE3C88711A30A95C0071EB71 /* AppDelegate.swift */,
				DED8FB991A653B890076BC89 /* DeviseSize.swift */,
				DE3C88731A30A95C0071EB71 /* ViewController.swift */,
				DEFECD8C1A3272D100A4C0F4 /* DetailViewController.swift */,
				DE3C88751A30A95C0071EB71 /* Main.storyboard */,
				DE3C88781A30A95C0071EB71 /* Images.xcassets */,
				DE3C887A1A30A95C0071EB71 /* LaunchScreen.xib */,
				DE3C886F1A30A95C0071EB71 /* Supporting Files */,
			);
			path = NewsReader;
			sourceTree = "<group>";
		};
		DE3C886F1A30A95C0071EB71 /* Supporting Files */ = {
			isa = PBXGroup;
			children = (
				DE3C88701A30A95C0071EB71 /* Info.plist */,
			);
			name = "Supporting Files";
			sourceTree = "<group>";
		};
		DE3C88841A30A95C0071EB71 /* NewsReaderTests */ = {
			isa = PBXGroup;
			children = (
				DE3C88871A30A95C0071EB71 /* NewsReaderTests.swift */,
				DE3C88851A30A95C0071EB71 /* Supporting Files */,
			);
			path = NewsReaderTests;
			sourceTree = "<group>";
		};
		DE3C88851A30A95C0071EB71 /* Supporting Files */ = {
			isa = PBXGroup;
			children = (
				DE3C88861A30A95C0071EB71 /* Info.plist */,
			);
			name = "Supporting Files";
			sourceTree = "<group>";
		};
		DE3C88971A30DC9E0071EB71 /* ApiData */ = {
			isa = PBXGroup;
			children = (
				DE3C88931A30DC5A0071EB71 /* ApiDataTableViewCell.swift */,
				DE3C88941A30DC5A0071EB71 /* ApiDataTableViewCell.xib */,
			);
			name = ApiData;
			sourceTree = "<group>";
		};
		DED8FB981A653AFC0076BC89 /* Assets */ = {
			isa = PBXGroup;
			children = (
				DED8FB961A653AF60076BC89 /* no_image.gif */,
			);
			name = Assets;
			sourceTree = "<group>";
		};
/* End PBXGroup section */

/* Begin PBXNativeTarget section */
		DE3C886B1A30A95C0071EB71 /* NewsReader */ = {
			isa = PBXNativeTarget;
			buildConfigurationList = DE3C888B1A30A95C0071EB71 /* Build configuration list for PBXNativeTarget "NewsReader" */;
			buildPhases = (
				DE3C88681A30A95C0071EB71 /* Sources */,
				DE3C88691A30A95C0071EB71 /* Frameworks */,
				DE3C886A1A30A95C0071EB71 /* Resources */,
			);
			buildRules = (
			);
			dependencies = (
			);
			name = NewsReader;
			productName = NewsReader;
			productReference = DE3C886C1A30A95C0071EB71 /* NewsReader.app */;
			productType = "com.apple.product-type.application";
		};
		DE3C88801A30A95C0071EB71 /* NewsReaderTests */ = {
			isa = PBXNativeTarget;
			buildConfigurationList = DE3C888E1A30A95C0071EB71 /* Build configuration list for PBXNativeTarget "NewsReaderTests" */;
			buildPhases = (
				DE3C887D1A30A95C0071EB71 /* Sources */,
				DE3C887E1A30A95C0071EB71 /* Frameworks */,
				DE3C887F1A30A95C0071EB71 /* Resources */,
			);
			buildRules = (
			);
			dependencies = (
				DE3C88831A30A95C0071EB71 /* PBXTargetDependency */,
			);
			name = NewsReaderTests;
			productName = NewsReaderTests;
			productReference = DE3C88811A30A95C0071EB71 /* NewsReaderTests.xctest */;
			productType = "com.apple.product-type.bundle.unit-test";
		};
/* End PBXNativeTarget section */

/* Begin PBXProject section */
		DE3C88641A30A95C0071EB71 /* Project object */ = {
			isa = PBXProject;
			attributes = {
				LastUpgradeCheck = 0610;
				ORGANIZATIONNAME = just1factory;
				TargetAttributes = {
					DE3C886B1A30A95C0071EB71 = {
						CreatedOnToolsVersion = 6.1.1;
					};
					DE3C88801A30A95C0071EB71 = {
						CreatedOnToolsVersion = 6.1.1;
						TestTargetID = DE3C886B1A30A95C0071EB71;
					};
				};
			};
			buildConfigurationList = DE3C88671A30A95C0071EB71 /* Build configuration list for PBXProject "NewsReader" */;
			compatibilityVersion = "Xcode 3.2";
			developmentRegion = English;
			hasScannedForEncodings = 0;
			knownRegions = (
				en,
				Base,
			);
			mainGroup = DE3C88631A30A95C0071EB71;
			productRefGroup = DE3C886D1A30A95C0071EB71 /* Products */;
			projectDirPath = "";
			projectRoot = "";
			targets = (
				DE3C886B1A30A95C0071EB71 /* NewsReader */,
				DE3C88801A30A95C0071EB71 /* NewsReaderTests */,
			);
		};
/* End PBXProject section */

/* Begin PBXResourcesBuildPhase section */
		DE3C886A1A30A95C0071EB71 /* Resources */ = {
			isa = PBXResourcesBuildPhase;
			buildActionMask = 2147483647;
			files = (
				DED8FB971A653AF60076BC89 /* no_image.gif in Resources */,
				DE3C88961A30DC5A0071EB71 /* ApiDataTableViewCell.xib in Resources */,
				DE3C88771A30A95C0071EB71 /* Main.storyboard in Resources */,
				DE3C887C1A30A95C0071EB71 /* LaunchScreen.xib in Resources */,
				DE3C88791A30A95C0071EB71 /* Images.xcassets in Resources */,
			);
			runOnlyForDeploymentPostprocessing = 0;
		};
		DE3C887F1A30A95C0071EB71 /* Resources */ = {
			isa = PBXResourcesBuildPhase;
			buildActionMask = 2147483647;
			files = (
			);
			runOnlyForDeploymentPostprocessing = 0;
		};
/* End PBXResourcesBuildPhase section */

/* Begin PBXSourcesBuildPhase section */
		DE3C88681A30A95C0071EB71 /* Sources */ = {
			isa = PBXSourcesBuildPhase;
			buildActionMask = 2147483647;
			files = (
				DED8FB9A1A653B890076BC89 /* DeviseSize.swift in Sources */,
				DE3C88951A30DC5A0071EB71 /* ApiDataTableViewCell.swift in Sources */,
				DE3C88741A30A95C0071EB71 /* ViewController.swift in Sources */,
				DE3C88721A30A95C0071EB71 /* AppDelegate.swift in Sources */,
				DEFECD8D1A3272D100A4C0F4 /* DetailViewController.swift in Sources */,
			);
			runOnlyForDeploymentPostprocessing = 0;
		};
		DE3C887D1A30A95C0071EB71 /* Sources */ = {
			isa = PBXSourcesBuildPhase;
			buildActionMask = 2147483647;
			files = (
				DE3C88881A30A95C0071EB71 /* NewsReaderTests.swift in Sources */,
			);
			runOnlyForDeploymentPostprocessing = 0;
		};
/* End PBXSourcesBuildPhase section */

/* Begin PBXTargetDependency section */
		DE3C88831A30A95C0071EB71 /* PBXTargetDependency */ = {
			isa = PBXTargetDependency;
			target = DE3C886B1A30A95C0071EB71 /* NewsReader */;
			targetProxy = DE3C88821A30A95C0071EB71 /* PBXContainerItemProxy */;
		};
/* End PBXTargetDependency section */

/* Begin PBXVariantGroup section */
		DE3C88751A30A95C0071EB71 /* Main.storyboard */ = {
			isa = PBXVariantGroup;
			children = (
				DE3C88761A30A95C0071EB71 /* Base */,
			);
			name = Main.storyboard;
			sourceTree = "<group>";
		};
		DE3C887A1A30A95C0071EB71 /* LaunchScreen.xib */ = {
			isa = PBXVariantGroup;
			children = (
				DE3C887B1A30A95C0071EB71 /* Base */,
			);
			name = LaunchScreen.xib;
			sourceTree = "<group>";
		};
/* End PBXVariantGroup section */

/* Begin XCBuildConfiguration section */
		DE3C88891A30A95C0071EB71 /* Debug */ = {
			isa = XCBuildConfiguration;
			buildSettings = {
				ALWAYS_SEARCH_USER_PATHS = NO;
				CLANG_CXX_LANGUAGE_STANDARD = "gnu++0x";
				CLANG_CXX_LIBRARY = "libc++";
				CLANG_ENABLE_MODULES = YES;
				CLANG_ENABLE_OBJC_ARC = YES;
				CLANG_WARN_BOOL_CONVERSION = YES;
				CLANG_WARN_CONSTANT_CONVERSION = YES;
				CLANG_WARN_DIRECT_OBJC_ISA_USAGE = YES_ERROR;
				CLANG_WARN_EMPTY_BODY = YES;
				CLANG_WARN_ENUM_CONVERSION = YES;
				CLANG_WARN_INT_CONVERSION = YES;
				CLANG_WARN_OBJC_ROOT_CLASS = YES_ERROR;
				CLANG_WARN_UNREACHABLE_CODE = YES;
				CLANG_WARN__DUPLICATE_METHOD_MATCH = YES;
				"CODE_SIGN_IDENTITY[sdk=iphoneos*]" = "iPhone Developer";
				COPY_PHASE_STRIP = NO;
				ENABLE_STRICT_OBJC_MSGSEND = YES;
				GCC_C_LANGUAGE_STANDARD = gnu99;
				GCC_DYNAMIC_NO_PIC = NO;
				GCC_OPTIMIZATION_LEVEL = 0;
				GCC_PREPROCESSOR_DEFINITIONS = (
					"DEBUG=1",
					"$(inherited)",
				);
				GCC_SYMBOLS_PRIVATE_EXTERN = NO;
				GCC_WARN_64_TO_32_BIT_CONVERSION = YES;
				GCC_WARN_ABOUT_RETURN_TYPE = YES_ERROR;
				GCC_WARN_UNDECLARED_SELECTOR = YES;
				GCC_WARN_UNINITIALIZED_AUTOS = YES_AGGRESSIVE;
				GCC_WARN_UNUSED_FUNCTION = YES;
				GCC_WARN_UNUSED_VARIABLE = YES;
				IPHONEOS_DEPLOYMENT_TARGET = 8.1;
				MTL_ENABLE_DEBUG_INFO = YES;
				ONLY_ACTIVE_ARCH = YES;
				SDKROOT = iphoneos;
				SWIFT_OPTIMIZATION_LEVEL = "-Onone";
			};
			name = Debug;
		};
		DE3C888A1A30A95C0071EB71 /* Release */ = {
			isa = XCBuildConfiguration;
			buildSettings = {
				ALWAYS_SEARCH_USER_PATHS = NO;
				CLANG_CXX_LANGUAGE_STANDARD = "gnu++0x";
				CLANG_CXX_LIBRARY = "libc++";
				CLANG_ENABLE_MODULES = YES;
				CLANG_ENABLE_OBJC_ARC = YES;
				CLANG_WARN_BOOL_CONVERSION = YES;
				CLANG_WARN_CONSTANT_CONVERSION = YES;
				CLANG_WARN_DIRECT_OBJC_ISA_USAGE = YES_ERROR;
				CLANG_WARN_EMPTY_BODY = YES;
				CLANG_WARN_ENUM_CONVERSION = YES;
				CLANG_WARN_INT_CONVERSION = YES;
				CLANG_WARN_OBJC_ROOT_CLASS = YES_ERROR;
				CLANG_WARN_UNREACHABLE_CODE = YES;
				CLANG_WARN__DUPLICATE_METHOD_MATCH = YES;
				"CODE_SIGN_IDENTITY[sdk=iphoneos*]" = "iPhone Developer";
				COPY_PHASE_STRIP = YES;
				ENABLE_NS_ASSERTIONS = NO;
				ENABLE_STRICT_OBJC_MSGSEND = YES;
				GCC_C_LANGUAGE_STANDARD = gnu99;
				GCC_WARN_64_TO_32_BIT_CONVERSION = YES;
				GCC_WARN_ABOUT_RETURN_TYPE = YES_ERROR;
				GCC_WARN_UNDECLARED_SELECTOR = YES;
				GCC_WARN_UNINITIALIZED_AUTOS = YES_AGGRESSIVE;
				GCC_WARN_UNUSED_FUNCTION = YES;
				GCC_WARN_UNUSED_VARIABLE = YES;
				IPHONEOS_DEPLOYMENT_TARGET = 8.1;
				MTL_ENABLE_DEBUG_INFO = NO;
				SDKROOT = iphoneos;
				VALIDATE_PRODUCT = YES;
			};
			name = Release;
		};
		DE3C888C1A30A95C0071EB71 /* Debug */ = {
			isa = XCBuildConfiguration;
			buildSettings = {
				ASSETCATALOG_COMPILER_APPICON_NAME = AppIcon;
				INFOPLIST_FILE = NewsReader/Info.plist;
				LD_RUNPATH_SEARCH_PATHS = "$(inherited) @executable_path/Frameworks";
				PRODUCT_NAME = "$(TARGET_NAME)";
			};
			name = Debug;
		};
		DE3C888D1A30A95C0071EB71 /* Release */ = {
			isa = XCBuildConfiguration;
			buildSettings = {
				ASSETCATALOG_COMPILER_APPICON_NAME = AppIcon;
				INFOPLIST_FILE = NewsReader/Info.plist;
				LD_RUNPATH_SEARCH_PATHS = "$(inherited) @executable_path/Frameworks";
				PRODUCT_NAME = "$(TARGET_NAME)";
			};
			name = Release;
		};
		DE3C888F1A30A95C0071EB71 /* Debug */ = {
			isa = XCBuildConfiguration;
			buildSettings = {
				BUNDLE_LOADER = "$(TEST_HOST)";
				FRAMEWORK_SEARCH_PATHS = (
					"$(SDKROOT)/Developer/Library/Frameworks",
					"$(inherited)",
				);
				GCC_PREPROCESSOR_DEFINITIONS = (
					"DEBUG=1",
					"$(inherited)",
				);
				INFOPLIST_FILE = NewsReaderTests/Info.plist;
				LD_RUNPATH_SEARCH_PATHS = "$(inherited) @executable_path/Frameworks @loader_path/Frameworks";
				PRODUCT_NAME = "$(TARGET_NAME)";
				TEST_HOST = "$(BUILT_PRODUCTS_DIR)/NewsReader.app/NewsReader";
			};
			name = Debug;
		};
		DE3C88901A30A95C0071EB71 /* Release */ = {
			isa = XCBuildConfiguration;
			buildSettings = {
				BUNDLE_LOADER = "$(TEST_HOST)";
				FRAMEWORK_SEARCH_PATHS = (
					"$(SDKROOT)/Developer/Library/Frameworks",
					"$(inherited)",
				);
				INFOPLIST_FILE = NewsReaderTests/Info.plist;
				LD_RUNPATH_SEARCH_PATHS = "$(inherited) @executable_path/Frameworks @loader_path/Frameworks";
				PRODUCT_NAME = "$(TARGET_NAME)";
				TEST_HOST = "$(BUILT_PRODUCTS_DIR)/NewsReader.app/NewsReader";
			};
			name = Release;
		};
/* End XCBuildConfiguration section */

/* Begin XCConfigurationList section */
		DE3C88671A30A95C0071EB71 /* Build configuration list for PBXProject "NewsReader" */ = {
			isa = XCConfigurationList;
			buildConfigurations = (
				DE3C88891A30A95C0071EB71 /* Debug */,
				DE3C888A1A30A95C0071EB71 /* Release */,
			);
			defaultConfigurationIsVisible = 0;
			defaultConfigurationName = Release;
		};
		DE3C888B1A30A95C0071EB71 /* Build configuration list for PBXNativeTarget "NewsReader" */ = {
			isa = XCConfigurationList;
			buildConfigurations = (
				DE3C888C1A30A95C0071EB71 /* Debug */,
				DE3C888D1A30A95C0071EB71 /* Release */,
			);
			defaultConfigurationIsVisible = 0;
			defaultConfigurationName = Release;
		};
		DE3C888E1A30A95C0071EB71 /* Build configuration list for PBXNativeTarget "NewsReaderTests" */ = {
			isa = XCConfigurationList;
			buildConfigurations = (
				DE3C888F1A30A95C0071EB71 /* Debug */,
				DE3C88901A30A95C0071EB71 /* Release */,
			);
			defaultConfigurationIsVisible = 0;
			defaultConfigurationName = Release;
		};
/* End XCConfigurationList section */
	};
	rootObject = DE3C88641A30A95C0071EB71 /* Project object */;
}
